<?xml version="1.0" encoding="utf-8"?>
<Project ToolsVersion="4.0" xmlns="http://schemas.microsoft.com/developer/msbuild/2003">
  <ItemGroup>
    <Filter Include="src">
      <UniqueIdentifier>{7f2f4a9a-1b3c-4c5d-9e6f-0a1b2c3d4e5f}</UniqueIdentifier>
    </Filter>
    <Filter Include="src\engine">
      <UniqueIdentifier>{8a3b5c1d-2e4f-4a6b-8c0d-1e2f3a4b5c6d}</UniqueIdentifier>
    </Filter>
    <Filter Include="src\engine\core">
      <UniqueIdentifier>{9b4c6d2e-3f5a-4b7c-9d1e-2f3a4b5c6d7e}</UniqueIdentifier>
    </Filter>
    <Filter Include="src\engine\input">
      <UniqueIdentifier>{0c5d7e3f-4a6b-4c8d-0e2f-3a4b5c6d7e8f}</UniqueIdentifier>
    </Filter>
    <Filter Include="src\engine\io">
      <UniqueIdentifier>{1d6e8f4a-5b7c-4d9e-1f3a-4b5c6d7e8f9a}</UniqueIdentifier>
    </Filter>
    <Filter Include="src\engine\render">
      <UniqueIdentifier>{2e7f9a5b-6c8d-4e0f-2a4b-5c6d7e8f9a0b}</UniqueIdentifier>
    </Filter>
    <Filter Include="src\engine\scene">
      <UniqueIdentifier>{3f8a0b6c-7d9e-4f1a-3b5c-6d7e8f9a0b1c}</UniqueIdentifier>
    </Filter>
    <Filter Include="src\game">
      <UniqueIdentifier>{4a9b1c7d-8e0f-4a2b-4c6d-7e8f9a0b1c2d}</UniqueIdentifier>
    </Filter>
    <Filter Include="third_party">
      <UniqueIdentifier>{5b0c2d8e-9f1a-4b3c-5d7e-8f9a0b1c2d3e}</UniqueIdentifier>
    </Filter>
    <Filter Include="third_party\LoadShaders">
      <UniqueIdentifier>{6c1d3e9f-0a2b-4c4d-6e8f-9a0b1c2d3e4f}</UniqueIdentifier>
    </Filter>
    <Filter Include="third_party\stb">
      <UniqueIdentifier>{7d2e4f0a-1b3c-4d5e-7f9a-0b1c2d3e4f5a}</UniqueIdentifier>
    </Filter>
    <Filter Include="third_party\imgui">
      <UniqueIdentifier>{2c8d5e1f-6a3b-4c7d-8e9f-1a2b3c4d5e6f}</UniqueIdentifier>
    </Filter>
    <Filter Include="third_party\imgui\backends">
      <UniqueIdentifier>{3d9e6f2a-7b4c-4d8e-9f0a-2b3c4d5e6f7a}</UniqueIdentifier>
    </Filter>
    <Filter Include="assets">
      <UniqueIdentifier>{8e3f5a1b-2c4d-4e6f-8a0b-1c2d3e4f5a6b}</UniqueIdentifier>
    </Filter>
    <Filter Include="assets\shaders">
      <UniqueIdentifier>{9f4a6b2c-3d5e-4f7a-9b1c-2d3e4f5a6b7c}</UniqueIdentifier>
    </Filter>
    <Filter Include="assets\shaders\cubeShader">
      <UniqueIdentifier>{0a5b7c3d-4e6f-4a8b-0c2d-3e4f5a6b7c8d}</UniqueIdentifier>
    </Filter>
    <Filter Include="assets\shaders\ironMan">
      <UniqueIdentifier>{1b6c8d4e-5f7a-4b9c-1d3e-4f5a6b7c8d9e}</UniqueIdentifier>
    </Filter>
    <Filter Include="third_party\ImGuizmo">
      <UniqueIdentifier>{69d33875-cf0a-4a05-821d-9c19f919faa1}</UniqueIdentifier>
    </Filter>
    <Filter Include="third_party\nlohmann">
      <UniqueIdentifier>{bf6cbb28-b641-4bc3-a436-47dea68df20a}</UniqueIdentifier>
    </Filter>
    <Filter Include="src\engine\editor">
      <UniqueIdentifier>{43702c13-b8f6-40bf-9188-61c76941155e}</UniqueIdentifier>
    </Filter>
    <Filter Include="src\engine\editor\panels">
      <UniqueIdentifier>{0da99318-257e-435e-9cd0-447778f88ace}</UniqueIdentifier>
    </Filter>
    <Filter Include="src\engine\plugin">
      <UniqueIdentifier>{e231676c-8fde-4926-b98c-f96d3d6f9f6d}</UniqueIdentifier>
    </Filter>
    <Filter Include="src\engine\platform">
      <UniqueIdentifier>{71b635b7-2a88-4508-a86b-421a85bdaef7}</UniqueIdentifier>
    </Filter>
    <Filter Include="Plugins">
      <UniqueIdentifier>{2268d0f2-c02d-4a59-8802-51ed6fc83532}</UniqueIdentifier>
    </Filter>
    <Filter Include="Plugins\JoltPhysics">
      <UniqueIdentifier>{6c7ceb46-4656-4bfb-b8f8-7fd67e2b4584}</UniqueIdentifier>
    </Filter>
  </ItemGroup>
  <ItemGroup>
    <ClCompile Include="src\engine\core\Application.cpp">
      <Filter>src\engine\core</Filter>
    </ClCompile>
    <ClCompile Include="src\engine\core\Time.cpp">
      <Filter>src\engine\core</Filter>
    </ClCompile>
    <ClCompile Include="src\engine\core\Window.cpp">
      <Filter>src\engine\core</Filter>
    </ClCompile>
    <ClCompile Include="src\engine\input\Controller.cpp">
      <Filter>src\engine\input</Filter>
    </ClCompile>
    <ClCompile Include="src\engine\input\UserInputs.cpp">
      <Filter>src\engine\input</Filter>
    </ClCompile>
    <ClCompile Include="src\engine\io\ObjLoader.cpp">
      <Filter>src\engine\io</Filter>
    </ClCompile>
    <ClCompile Include="src\engine\render\Camera.cpp">
      <Filter>src\engine\render</Filter>
    </ClCompile>
    <ClCompile Include="src\engine\render\Lights.cpp">
      <Filter>src\engine\render</Filter>
    </ClCompile>
    <ClCompile Include="src\engine\render\Material.cpp">
      <Filter>src\engine\render</Filter>
    </ClCompile>
    <ClCompile Include="src\engine\render\Mesh.cpp">
      <Filter>src\engine\render</Filter>
    </ClCompile>
    <ClCompile Include="src\engine\render\MeshRenderer.cpp">
      <Filter>src\engine\render</Filter>
    </ClCompile>
    <ClCompile Include="src\engine\render\Texture.cpp">
      <Filter>src\engine\render</Filter>
    </ClCompile>
    <ClCompile Include="src\engine\scene\GameObject.cpp">
      <Filter>src\engine\scene</Filter>
    </ClCompile>
    <ClCompile Include="src\engine\scene\Transform.cpp">
      <Filter>src\engine\scene</Filter>
    </ClCompile>
    <ClCompile Include="src\game\DemoScene.cpp">
      <Filter>src\game</Filter>
    </ClCompile>
    <ClCompile Include="src\game\Main.cpp">
      <Filter>src\game</Filter>
    </ClCompile>
    <ClCompile Include="third_party\LoadShaders\LoadShaders.cpp">
      <Filter>third_party\LoadShaders</Filter>
    </ClCompile>
    <ClCompile Include="third_party\imgui\imgui.cpp">
      <Filter>third_party\imgui</Filter>
    </ClCompile>
    <ClCompile Include="third_party\imgui\imgui_demo.cpp">
      <Filter>third_party\imgui</Filter>
    </ClCompile>
    <ClCompile Include="third_party\imgui\imgui_draw.cpp">
      <Filter>third_party\imgui</Filter>
    </ClCompile>
    <ClCompile Include="third_party\imgui\imgui_tables.cpp">
      <Filter>third_party\imgui</Filter>
    </ClCompile>
    <ClCompile Include="third_party\imgui\imgui_widgets.cpp">
      <Filter>third_party\imgui</Filter>
    </ClCompile>
    <ClCompile Include="third_party\imgui\backends\imgui_impl_glfw.cpp">
      <Filter>third_party\imgui\backends</Filter>
    </ClCompile>
    <ClCompile Include="third_party\imgui\backends\imgui_impl_opengl3.cpp">
      <Filter>third_party\imgui\backends</Filter>
    </ClCompile>
    <ClCompile Include="src\engine\render\Framebuffer.cpp">
      <Filter>src\engine\render</Filter>
    </ClCompile>
    <ClCompile Include="src\engine\scene\World.cpp">
      <Filter>src\engine\scene</Filter>
    </ClCompile>
    <ClCompile Include="third_party\ImGuizmo\ImGuizmo.cpp">
      <Filter>third_party\ImGuizmo</Filter>
    </ClCompile>
    <ClCompile Include="src\engine\editor\Editor.cpp">
      <Filter>src\engine\editor</Filter>
    </ClCompile>
    <ClCompile Include="src\engine\editor\EditorHost.cpp">
      <Filter>src\engine\editor</Filter>
    </ClCompile>
    <ClCompile Include="src\engine\editor\EditorTheme.cpp">
      <Filter>src\engine\editor</Filter>
    </ClCompile>
    <ClCompile Include="src\engine\editor\EditorMath.cpp">
      <Filter>src\engine\editor</Filter>
    </ClCompile>
    <ClCompile Include="src\engine\editor\EditorFileSystem.cpp">
      <Filter>src\engine\editor</Filter>
    </ClCompile>
    <ClCompile Include="src\engine\editor\panels\ViewportPanel.cpp">
      <Filter>src\engine\editor\panels</Filter>
    </ClCompile>
    <ClCompile Include="src\engine\editor\panels\OutlinerPanel.cpp">
      <Filter>src\engine\editor\panels</Filter>
    </ClCompile>
    <ClCompile Include="src\engine\editor\panels\DetailsPanel.cpp">
      <Filter>src\engine\editor\panels</Filter>
    </ClCompile>
    <ClCompile Include="src\engine\editor\panels\LightsPanel.cpp">
      <Filter>src\engine\editor\panels</Filter>
    </ClCompile>
    <ClCompile Include="src\engine\editor\panels\StatsPanel.cpp">
      <Filter>src\engine\editor\panels</Filter>
    </ClCompile>
    <ClCompile Include="src\engine\editor\panels\ContentBrowserPanel.cpp">
      <Filter>src\engine\editor\panels</Filter>
    </ClCompile>
    <ClCompile Include="src\engine\io\SceneSerializer.cpp">
      <Filter>src\engine\io</Filter>
    </ClCompile>
    <ClCompile Include="src\engine\editor\UndoStack.cpp">
      <Filter>src\engine\editor</Filter>
    </ClCompile>
    <ClCompile Include="src\engine\core\EngineMath.cpp">
      <Filter>src\engine\core</Filter>
    </ClCompile>
    <ClCompile Include="src\engine\editor\MeshPreview.cpp">
      <Filter>src\engine\editor</Filter>
    </ClCompile>
    <ClCompile Include="src\engine\platform\WindowChrome.cpp">
      <Filter>src\engine\platform</Filter>
    </ClCompile>
    <ClCompile Include="src\engine\plugin\PluginManager.cpp">
      <Filter>src\engine\plugin</Filter>
    </ClCompile>
    <ClCompile Include="src\engine\render\MeshComponent.cpp">
      <Filter>src\engine\render</Filter>
    </ClCompile>
    <ClCompile Include="src\engine\render\LightComponent.cpp">
      <Filter>src\engine\render</Filter>
    </ClCompile>
    <ClCompile Include="src\engine\render\CameraComponent.cpp">
      <Filter>src\engine\render</Filter>
    </ClCompile>
    <ClCompile Include="src\engine\scene\ComponentRegistry.cpp">
      <Filter>src\engine\scene</Filter>
    </ClCompile>
    <ClCompile Include="Plugins\JoltPhysics\JoltPhysicsPlugin.cpp">
      <Filter>Plugins\JoltPhysics</Filter>
    </ClCompile>
    <ClCompile Include="Plugins\JoltPhysics\PhysicsWorld.cpp">
      <Filter>Plugins\JoltPhysics</Filter>
    </ClCompile>
    <ClCompile Include="Plugins\JoltPhysics\vendor\Jolt\**\*.cpp">
      <Filter>Plugins\JoltPhysics</Filter>
    </ClCompile>
    <ClCompile Include="src\engine\editor\GamePackager.cpp">
      <Filter>src\engine\editor</Filter>
    </ClCompile>
    <ClCompile Include="src\engine\editor\panels\MapsPanel.cpp">
      <Filter>src\engine\editor\panels</Filter>
    </ClCompile>
  </ItemGroup>
  <ItemGroup>
    <ClInclude Include="src\engine\core\Application.h">
      <Filter>src\engine\core</Filter>
    </ClInclude>
    <ClInclude Include="src\engine\core\Scene.h">
      <Filter>src\engine\core</Filter>
    </ClInclude>
    <ClInclude Include="src\engine\core\EngineMath.h">
      <Filter>src\engine\core</Filter>
    </ClInclude>
    <ClInclude Include="src\engine\core\Time.h">
      <Filter>src\engine\core</Filter>
    </ClInclude>
    <ClInclude Include="src\engine\core\Window.h">
      <Filter>src\engine\core</Filter>
    </ClInclude>
    <ClInclude Include="src\engine\input\Controller.h">
      <Filter>src\engine\input</Filter>
    </ClInclude>
    <ClInclude Include="src\engine\input\UserInputs.h">
      <Filter>src\engine\input</Filter>
    </ClInclude>
    <ClInclude Include="src\engine\io\ObjLoader.h">
      <Filter>src\engine\io</Filter>
    </ClInclude>
    <ClInclude Include="src\engine\render\Camera.h">
      <Filter>src\engine\render</Filter>
    </ClInclude>
    <ClInclude Include="src\engine\render\Lights.h">
      <Filter>src\engine\render</Filter>
    </ClInclude>
    <ClInclude Include="src\engine\render\Material.h">
      <Filter>src\engine\render</Filter>
    </ClInclude>
    <ClInclude Include="src\engine\render\Mesh.h">
      <Filter>src\engine\render</Filter>
    </ClInclude>
    <ClInclude Include="src\engine\render\MeshRenderer.h">
      <Filter>src\engine\render</Filter>
    </ClInclude>
    <ClInclude Include="src\engine\render\Texture.h">
      <Filter>src\engine\render</Filter>
    </ClInclude>
    <ClInclude Include="src\engine\scene\GameObject.h">
      <Filter>src\engine\scene</Filter>
    </ClInclude>
    <ClInclude Include="src\engine\scene\Transform.h">
      <Filter>src\engine\scene</Filter>
    </ClInclude>
    <ClInclude Include="src\game\AssetPaths.h">
      <Filter>src\game</Filter>
    </ClInclude>
    <ClInclude Include="src\game\DemoScene.h">
      <Filter>src\game</Filter>
    </ClInclude>
    <ClInclude Include="third_party\LoadShaders\LoadShaders.h">
      <Filter>third_party\LoadShaders</Filter>
    </ClInclude>
    <ClInclude Include="third_party\stb\stb_image.h">
      <Filter>third_party\stb</Filter>
    </ClInclude>
    <ClInclude Include="third_party\imgui\imconfig.h">
      <Filter>third_party\imgui</Filter>
    </ClInclude>
    <ClInclude Include="third_party\imgui\imgui.h">
      <Filter>third_party\imgui</Filter>
    </ClInclude>
    <ClInclude Include="third_party\imgui\imgui_internal.h">
      <Filter>third_party\imgui</Filter>
    </ClInclude>
    <ClInclude Include="third_party\imgui\imstb_rectpack.h">
      <Filter>third_party\imgui</Filter>
    </ClInclude>
    <ClInclude Include="third_party\imgui\imstb_textedit.h">
      <Filter>third_party\imgui</Filter>
    </ClInclude>
    <ClInclude Include="third_party\imgui\imstb_truetype.h">
      <Filter>third_party\imgui</Filter>
    </ClInclude>
    <ClInclude Include="third_party\imgui\backends\imgui_impl_glfw.h">
      <Filter>third_party\imgui\backends</Filter>
    </ClInclude>
    <ClInclude Include="third_party\imgui\backends\imgui_impl_opengl3.h">
      <Filter>third_party\imgui\backends</Filter>
    </ClInclude>
    <ClInclude Include="third_party\imgui\backends\imgui_impl_opengl3_loader.h">
      <Filter>third_party\imgui\backends</Filter>
    </ClInclude>
    <ClInclude Include="src\engine\render\Framebuffer.h">
      <Filter>src\engine\render</Filter>
    </ClInclude>
    <ClInclude Include="src\engine\scene\World.h">
      <Filter>src\engine\scene</Filter>
    </ClInclude>
    <ClInclude Include="third_party\ImGuizmo\ImGuizmo.h">
      <Filter>third_party\ImGuizmo</Filter>
    </ClInclude>
    <ClInclude Include="third_party\nlohmann\json.hpp">
      <Filter>third_party\nlohmann</Filter>
    </ClInclude>
    <ClInclude Include="src\engine\editor\Editor.h">
      <Filter>src\engine\editor</Filter>
    </ClInclude>
    <ClInclude Include="src\engine\editor\EditorHost.h">
      <Filter>src\engine\editor</Filter>
    </ClInclude>
    <ClInclude Include="src\engine\editor\EditorTheme.h">
      <Filter>src\engine\editor</Filter>
    </ClInclude>
    <ClInclude Include="src\engine\editor\EditorMath.h">
      <Filter>src\engine\editor</Filter>
    </ClInclude>
    <ClInclude Include="src\engine\editor\EditorFileSystem.h">
      <Filter>src\engine\editor</Filter>
    </ClInclude>
    <ClInclude Include="src\engine\editor\panels\ViewportPanel.h">
      <Filter>src\engine\editor\panels</Filter>
    </ClInclude>
    <ClInclude Include="src\engine\editor\panels\OutlinerPanel.h">
      <Filter>src\engine\editor\panels</Filter>
    </ClInclude>
    <ClInclude Include="src\engine\editor\panels\DetailsPanel.h">
      <Filter>src\engine\editor\panels</Filter>
    </ClInclude>
    <ClInclude Include="src\engine\editor\panels\LightsPanel.h">
      <Filter>src\engine\editor\panels</Filter>
    </ClInclude>
    <ClInclude Include="src\engine\editor\panels\StatsPanel.h">
      <Filter>src\engine\editor\panels</Filter>
    </ClInclude>
    <ClInclude Include="src\engine\editor\panels\ContentBrowserPanel.h">
      <Filter>src\engine\editor\panels</Filter>
    </ClInclude>
    <ClInclude Include="src\engine\io\SceneSerializer.h">
      <Filter>src\engine\io</Filter>
    </ClInclude>
    <ClInclude Include="src\engine\editor\UndoStack.h">
      <Filter>src\engine\editor</Filter>
    </ClInclude>
    <ClInclude Include="src\engine\editor\GamePackager.h">
      <Filter>src\engine\editor</Filter>
    </ClInclude>
    <ClInclude Include="src\engine\editor\MeshPreview.h">
      <Filter>src\engine\editor</Filter>
    </ClInclude>
    <ClInclude Include="src\engine\platform\WindowChrome.h">
      <Filter>src\engine\platform</Filter>
    </ClInclude>
    <ClInclude Include="src\engine\plugin\Plugin.h">
      <Filter>src\engine\plugin</Filter>
    </ClInclude>
    <ClInclude Include="src\engine\plugin\PluginManager.h">
      <Filter>src\engine\plugin</Filter>
    </ClInclude>
    <ClInclude Include="src\engine\render\MeshComponent.h">
      <Filter>src\engine\render</Filter>
    </ClInclude>
    <ClInclude Include="src\engine\render\LightComponent.h">
      <Filter>src\engine\render</Filter>
    </ClInclude>
    <ClInclude Include="src\engine\render\CameraComponent.h">
      <Filter>src\engine\render</Filter>
    </ClInclude>
    <ClInclude Include="src\engine\scene\Component.h">
      <Filter>src\engine\scene</Filter>
    </ClInclude>
    <ClInclude Include="src\engine\scene\ComponentRegistry.h">
      <Filter>src\engine\scene</Filter>
    </ClInclude>
    <ClInclude Include="src\engine\scene\Serialization.h">
      <Filter>src\engine\scene</Filter>
    </ClInclude>
    <ClInclude Include="Plugins\JoltPhysics\JoltPhysicsPlugin.h">
      <Filter>Plugins\JoltPhysics</Filter>
    </ClInclude>
    <ClInclude Include="Plugins\JoltPhysics\PhysicsWorld.h">
      <Filter>Plugins\JoltPhysics</Filter>
    </ClInclude>
    <ClInclude Include="src\engine\editor\panels\MapsPanel.h">
      <Filter>src\engine\editor\panels</Filter>
    </ClInclude>
  </ItemGroup>
  <ItemGroup>
    <None Include="assets\shaders\cubeShader\cube.frag">
      <Filter>assets\shaders\cubeShader</Filter>
    </None>
    <None Include="assets\shaders\cubeShader\cube.vert">
      <Filter>assets\shaders\cubeShader</Filter>
    </None>
    <None Include="assets\shaders\ironMan\ironMan.frag">
      <Filter>assets\shaders\ironMan</Filter>
    </None>
    <None Include="assets\shaders\ironMan\ironMan.vert">
      <Filter>assets\shaders\ironMan</Filter>
    </None>
  </ItemGroup>
</Project>
